
Microsoft Visual Studio Solution File, Format Version 12.00
# Visual Studio Version 16
VisualStudioVersion = 16.0.31005.135
MinimumVisualStudioVersion = 10.0.40219.1
Project("{8BC9CEB8-8B4A-11D0-8D11-00A0C91BC942}") = "CMyList", "CMyList\CMyList.vcxproj", "{D123B7CE-C557-4550-A086-E90322607EDE}"
EndProject
Project("{8BC9CEB8-8B4A-11D0-8D11-00A0C91BC942}") = "test", "test\test.vcxproj", "{0AF1C686-B044-4B0D-B0DF-DDF36A99E6B1}"
EndProject
Global
	GlobalSection(SolutionConfigurationPlatforms) = preSolution
		Debug|x64 = Debug|x64
		Debug|x86 = Debug|x86
		Release|x64 = Release|x64
		Release|x86 = Release|x86
	EndGlobalSection
	GlobalSection(ProjectConfigurationPlatforms) = postSolution
		{D123B7CE-C557-4550-A086-E90322607EDE}.Debug|x64.ActiveCfg = Debug|x64
		{D123B7CE-C557-4550-A086-E90322607EDE}.Debug|x64.Build.0 = Debug|x64
		{D123B7CE-C557-4550-A086-E90322607EDE}.Debug|x86.ActiveCfg = Debug|Win32
		{D123B7CE-C557-4550-A086-E90322607EDE}.Debug|x86.Build.0 = Debug|Win32
		{D123B7CE-C557-4550-A086-E90322607EDE}.Release|x64.ActiveCfg = Release|x64
		{D123B7CE-C557-4550-A086-E90322607EDE}.Release|x64.Build.0 = Release|x64
		{D123B7CE-C557-4550-A086-E90322607EDE}.Release|x86.ActiveCfg = Release|Win32
		{D123B7CE-C557-4550-A086-E90322607EDE}.Release|x86.Build.0 = Release|Win32
		{0AF1C686-B044-4B0D-B0DF-DDF36A99E6B1}.Debug|x64.ActiveCfg = Debug|x64
		{0AF1C686-B044-4B0D-B0DF-DDF36A99E6B1}.Debug|x64.Build.0 = Debug|x64
		{0AF1C686-B044-4B0D-B0DF-DDF36A99E6B1}.Debug|x86.ActiveCfg = Debug|Win32
		{0AF1C686-B044-4B0D-B0DF-DDF36A99E6B1}.Debug|x86.Build.0 = Debug|Win32
		{0AF1C686-B044-4B0D-B0DF-DDF36A99E6B1}.Release|x64.ActiveCfg = Release|x64
		{0AF1C686-B044-4B0D-B0DF-DDF36A99E6B1}.Release|x64.Build.0 = Release|x64
		{0AF1C686-B044-4B0D-B0DF-DDF36A99E6B1}.Release|x86.ActiveCfg = Release|Win32
		{0AF1C686-B044-4B0D-B0DF-DDF36A99E6B1}.Release|x86.Build.0 = Release|Win32
	EndGlobalSection
	GlobalSection(SolutionProperties) = preSolution
		HideSolutionNode = FALSE
	EndGlobalSection
	GlobalSection(ExtensibilityGlobals) = postSolution
		SolutionGuid = {BC347C3F-B6A2-4DC9-A11D-21B7A31BB886}
	EndGlobalSection
EndGlobal
