
Microsoft Visual Studio Solution File, Format Version 12.00
# Visual Studio Version 16
VisualStudioVersion = 16.0.31005.135
MinimumVisualStudioVersion = 10.0.40219.1
Project("{8BC9CEB8-8B4A-11D0-8D11-00A0C91BC942}") = "dictionary", "dictionary.vcxproj", "{E6FEE693-2C3A-4EF6-BDE3-08805F187C8D}"
EndProject
Project("{8BC9CEB8-8B4A-11D0-8D11-00A0C91BC942}") = "test", "test\test.vcxproj", "{9E1AE663-EE74-4BF5-A430-35D5ECB12A4C}"
EndProject
Global
	GlobalSection(SolutionConfigurationPlatforms) = preSolution
		Debug|x64 = Debug|x64
		Debug|x86 = Debug|x86
		Release|x64 = Release|x64
		Release|x86 = Release|x86
	EndGlobalSection
	GlobalSection(ProjectConfigurationPlatforms) = postSolution
		{E6FEE693-2C3A-4EF6-BDE3-08805F187C8D}.Debug|x64.ActiveCfg = Debug|x64
		{E6FEE693-2C3A-4EF6-BDE3-08805F187C8D}.Debug|x64.Build.0 = Debug|x64
		{E6FEE693-2C3A-4EF6-BDE3-08805F187C8D}.Debug|x86.ActiveCfg = Debug|Win32
		{E6FEE693-2C3A-4EF6-BDE3-08805F187C8D}.Debug|x86.Build.0 = Debug|Win32
		{E6FEE693-2C3A-4EF6-BDE3-08805F187C8D}.Release|x64.ActiveCfg = Release|x64
		{E6FEE693-2C3A-4EF6-BDE3-08805F187C8D}.Release|x64.Build.0 = Release|x64
		{E6FEE693-2C3A-4EF6-BDE3-08805F187C8D}.Release|x86.ActiveCfg = Release|Win32
		{E6FEE693-2C3A-4EF6-BDE3-08805F187C8D}.Release|x86.Build.0 = Release|Win32
		{9E1AE663-EE74-4BF5-A430-35D5ECB12A4C}.Debug|x64.ActiveCfg = Debug|x64
		{9E1AE663-EE74-4BF5-A430-35D5ECB12A4C}.Debug|x64.Build.0 = Debug|x64
		{9E1AE663-EE74-4BF5-A430-35D5ECB12A4C}.Debug|x86.ActiveCfg = Debug|Win32
		{9E1AE663-EE74-4BF5-A430-35D5ECB12A4C}.Debug|x86.Build.0 = Debug|Win32
		{9E1AE663-EE74-4BF5-A430-35D5ECB12A4C}.Release|x64.ActiveCfg = Release|x64
		{9E1AE663-EE74-4BF5-A430-35D5ECB12A4C}.Release|x64.Build.0 = Release|x64
		{9E1AE663-EE74-4BF5-A430-35D5ECB12A4C}.Release|x86.ActiveCfg = Release|Win32
		{9E1AE663-EE74-4BF5-A430-35D5ECB12A4C}.Release|x86.Build.0 = Release|Win32
	EndGlobalSection
	GlobalSection(SolutionProperties) = preSolution
		HideSolutionNode = FALSE
	EndGlobalSection
	GlobalSection(ExtensibilityGlobals) = postSolution
		SolutionGuid = {FDBD5B5E-88B0-498C-8E60-94C30EB51126}
	EndGlobalSection
EndGlobal
